
Microsoft Visual Studio Solution File, Format Version 12.00
# Visual Studio Version 17
VisualStudioVersion = 17.0.31903.59
MinimumVisualStudioVersion = 10.0.40219.1
Project("{9A19103F-16F7-4668-BE54-9A1E7A4F7556}") = "GlobalOnlinebank.Domain", "GlobalOnlinebank.Domain\GlobalOnlinebank.Domain.csproj", "{492E69A3-CCF0-4D3E-846F-B3EAF6A8F727}"
EndProject
Project("{9A19103F-16F7-4668-BE54-9A1E7A4F7556}") = "GlobalOnlinebank.Application", "GlobalOnlinebank.Application\GlobalOnlinebank.Application.csproj", "{1FC6086B-ED29-4E8A-9393-295B0CDB1125}"
EndProject
Project("{9A19103F-16F7-4668-BE54-9A1E7A4F7556}") = "GlobalOnlinebank.Infrastructure", "GlobalOnlinebank.Infrastructure\GlobalOnlinebank.Infrastructure.csproj", "{A138B395-3540-4C16-905C-DE04319CE209}"
EndProject
Project("{9A19103F-16F7-4668-BE54-9A1E7A4F7556}") = "GlobalOnlinebank.WebApi", "GlobalOnlinebank.WebApi\GlobalOnlinebank.WebApi.csproj", "{855D6940-B5DA-4C96-8C9E-FC09FDD508B2}"
EndProject
Project("{9A19103F-16F7-4668-BE54-9A1E7A4F7556}") = "GlobalOnlinebank.UnitTests", "GlobalOnlinebank.UnitTests\GlobalOnlinebank.UnitTests.csproj", "{41E2E3CE-862F-44EE-9C79-D8975864D5F4}"
EndProject
Project("{FAE04EC0-301F-11D3-BF4B-00C04F79EFBC}") = "Shared", "Shared\Shared.csproj", "{DB419055-64D2-4BA2-9790-BB3C50A419E8}"
EndProject
Global
	GlobalSection(SolutionConfigurationPlatforms) = preSolution
		Debug|Any CPU = Debug|Any CPU
		Release|Any CPU = Release|Any CPU
	EndGlobalSection
	GlobalSection(ProjectConfigurationPlatforms) = postSolution
		{492E69A3-CCF0-4D3E-846F-B3EAF6A8F727}.Debug|Any CPU.ActiveCfg = Debug|Any CPU
		{492E69A3-CCF0-4D3E-846F-B3EAF6A8F727}.Debug|Any CPU.Build.0 = Debug|Any CPU
		{492E69A3-CCF0-4D3E-846F-B3EAF6A8F727}.Release|Any CPU.ActiveCfg = Release|Any CPU
		{492E69A3-CCF0-4D3E-846F-B3EAF6A8F727}.Release|Any CPU.Build.0 = Release|Any CPU
		{1FC6086B-ED29-4E8A-9393-295B0CDB1125}.Debug|Any CPU.ActiveCfg = Debug|Any CPU
		{1FC6086B-ED29-4E8A-9393-295B0CDB1125}.Debug|Any CPU.Build.0 = Debug|Any CPU
		{1FC6086B-ED29-4E8A-9393-295B0CDB1125}.Release|Any CPU.ActiveCfg = Release|Any CPU
		{1FC6086B-ED29-4E8A-9393-295B0CDB1125}.Release|Any CPU.Build.0 = Release|Any CPU
		{A138B395-3540-4C16-905C-DE04319CE209}.Debug|Any CPU.ActiveCfg = Debug|Any CPU
		{A138B395-3540-4C16-905C-DE04319CE209}.Debug|Any CPU.Build.0 = Debug|Any CPU
		{A138B395-3540-4C16-905C-DE04319CE209}.Release|Any CPU.ActiveCfg = Release|Any CPU
		{A138B395-3540-4C16-905C-DE04319CE209}.Release|Any CPU.Build.0 = Release|Any CPU
		{855D6940-B5DA-4C96-8C9E-FC09FDD508B2}.Debug|Any CPU.ActiveCfg = Debug|Any CPU
		{855D6940-B5DA-4C96-8C9E-FC09FDD508B2}.Debug|Any CPU.Build.0 = Debug|Any CPU
		{855D6940-B5DA-4C96-8C9E-FC09FDD508B2}.Release|Any CPU.ActiveCfg = Release|Any CPU
		{855D6940-B5DA-4C96-8C9E-FC09FDD508B2}.Release|Any CPU.Build.0 = Release|Any CPU
		{41E2E3CE-862F-44EE-9C79-D8975864D5F4}.Debug|Any CPU.ActiveCfg = Debug|Any CPU
		{41E2E3CE-862F-44EE-9C79-D8975864D5F4}.Debug|Any CPU.Build.0 = Debug|Any CPU
		{41E2E3CE-862F-44EE-9C79-D8975864D5F4}.Release|Any CPU.ActiveCfg = Release|Any CPU
		{41E2E3CE-862F-44EE-9C79-D8975864D5F4}.Release|Any CPU.Build.0 = Release|Any CPU
		{DB419055-64D2-4BA2-9790-BB3C50A419E8}.Debug|Any CPU.ActiveCfg = Debug|Any CPU
		{DB419055-64D2-4BA2-9790-BB3C50A419E8}.Debug|Any CPU.Build.0 = Debug|Any CPU
		{DB419055-64D2-4BA2-9790-BB3C50A419E8}.Release|Any CPU.ActiveCfg = Release|Any CPU
		{DB419055-64D2-4BA2-9790-BB3C50A419E8}.Release|Any CPU.Build.0 = Release|Any CPU
	EndGlobalSection
	GlobalSection(SolutionProperties) = preSolution
		HideSolutionNode = FALSE
	EndGlobalSection
	GlobalSection(ExtensibilityGlobals) = postSolution
		SolutionGuid = {686929E4-D529-4096-B676-E521EABB3584}
	EndGlobalSection
EndGlobal
